
Microsoft Visual Studio Solution File, Format Version 12.00
# Visual Studio 15
VisualStudioVersion = 15.0.28010.2019
MinimumVisualStudioVersion = 10.0.40219.1
Project("{FAE04EC0-301F-11D3-BF4B-00C04F79EFBC}") = "HelloWinForms", "HelloWinForms\HelloWinForms.csproj", "{C607B2AD-E996-4EA8-8F37-BBEF14DC6534}"
EndProject
Project("{FAE04EC0-301F-11D3-BF4B-00C04F79EFBC}") = "HelloWPF", "HelloWPF\HelloWPF.csproj", "{EEEACA02-F8FA-470D-BD16-5230D7EBABBB}"
EndProject
Project("{E24C65DC-7377-472B-9ABA-BC803B73C61A}") = "HelloWebForms", "HelloWebForms\", "{32912BE7-523C-4B4F-AB73-C024AE638987}"
	ProjectSection(WebsiteProperties) = preProject
		TargetFrameworkMoniker = ".NETFramework,Version%3Dv4.6.1"
		Debug.AspNetCompiler.VirtualPath = "/localhost_59657"
		Debug.AspNetCompiler.PhysicalPath = "HelloWebForms\"
		Debug.AspNetCompiler.TargetPath = "PrecompiledWeb\localhost_59657\"
		Debug.AspNetCompiler.Updateable = "true"
		Debug.AspNetCompiler.ForceOverwrite = "true"
		Debug.AspNetCompiler.FixedNames = "false"
		Debug.AspNetCompiler.Debug = "True"
		Release.AspNetCompiler.VirtualPath = "/localhost_59657"
		Release.AspNetCompiler.PhysicalPath = "HelloWebForms\"
		Release.AspNetCompiler.TargetPath = "PrecompiledWeb\localhost_59657\"
		Release.AspNetCompiler.Updateable = "true"
		Release.AspNetCompiler.ForceOverwrite = "true"
		Release.AspNetCompiler.FixedNames = "false"
		Release.AspNetCompiler.Debug = "False"
		VWDPort = "59657"
		SlnRelativePath = "HelloWebForms\"
		DefaultWebSiteLanguage = "Visual C#"
	EndProjectSection
EndProject
Project("{FAE04EC0-301F-11D3-BF4B-00C04F79EFBC}") = "HelloConsole", "HelloConsole\HelloConsole.csproj", "{E0875885-B79F-404B-9B62-0541AA1DB7EE}"
EndProject
Global
	GlobalSection(SolutionConfigurationPlatforms) = preSolution
		Debug|Any CPU = Debug|Any CPU
		Release|Any CPU = Release|Any CPU
	EndGlobalSection
	GlobalSection(ProjectConfigurationPlatforms) = postSolution
		{C607B2AD-E996-4EA8-8F37-BBEF14DC6534}.Debug|Any CPU.ActiveCfg = Debug|Any CPU
		{C607B2AD-E996-4EA8-8F37-BBEF14DC6534}.Debug|Any CPU.Build.0 = Debug|Any CPU
		{C607B2AD-E996-4EA8-8F37-BBEF14DC6534}.Release|Any CPU.ActiveCfg = Release|Any CPU
		{C607B2AD-E996-4EA8-8F37-BBEF14DC6534}.Release|Any CPU.Build.0 = Release|Any CPU
		{EEEACA02-F8FA-470D-BD16-5230D7EBABBB}.Debug|Any CPU.ActiveCfg = Debug|Any CPU
		{EEEACA02-F8FA-470D-BD16-5230D7EBABBB}.Debug|Any CPU.Build.0 = Debug|Any CPU
		{EEEACA02-F8FA-470D-BD16-5230D7EBABBB}.Release|Any CPU.ActiveCfg = Release|Any CPU
		{EEEACA02-F8FA-470D-BD16-5230D7EBABBB}.Release|Any CPU.Build.0 = Release|Any CPU
		{32912BE7-523C-4B4F-AB73-C024AE638987}.Debug|Any CPU.ActiveCfg = Debug|Any CPU
		{32912BE7-523C-4B4F-AB73-C024AE638987}.Debug|Any CPU.Build.0 = Debug|Any CPU
		{32912BE7-523C-4B4F-AB73-C024AE638987}.Release|Any CPU.ActiveCfg = Debug|Any CPU
		{32912BE7-523C-4B4F-AB73-C024AE638987}.Release|Any CPU.Build.0 = Debug|Any CPU
		{E0875885-B79F-404B-9B62-0541AA1DB7EE}.Debug|Any CPU.ActiveCfg = Debug|Any CPU
		{E0875885-B79F-404B-9B62-0541AA1DB7EE}.Debug|Any CPU.Build.0 = Debug|Any CPU
		{E0875885-B79F-404B-9B62-0541AA1DB7EE}.Release|Any CPU.ActiveCfg = Release|Any CPU
		{E0875885-B79F-404B-9B62-0541AA1DB7EE}.Release|Any CPU.Build.0 = Release|Any CPU
	EndGlobalSection
	GlobalSection(SolutionProperties) = preSolution
		HideSolutionNode = FALSE
	EndGlobalSection
	GlobalSection(ExtensibilityGlobals) = postSolution
		SolutionGuid = {6885704C-97F9-4447-BD74-59F5E783AE54}
	EndGlobalSection
EndGlobal
